
Microsoft Visual Studio Solution File, Format Version 12.00
# Visual Studio Version 17
VisualStudioVersion = 17.5.33502.453
MinimumVisualStudioVersion = 10.0.40219.1
Project("{9A19103F-16F7-4668-BE54-9A1E7A4F7556}") = "homeMaintenanceApp.Web", "HomeMaintenanceApp\homeMaintenanceApp.Web.csproj", "{62618B8F-1193-47C1-9CA2-7AEFA52F5144}"
EndProject
Project("{9A19103F-16F7-4668-BE54-9A1E7A4F7556}") = "homeMaintenance.Infrastructure", "homeMaintenance.Infrastructure\homeMaintenance.Infrastructure.csproj", "{A330C37D-EBA2-4EFA-B72F-1D48A2F62C4E}"
EndProject
Project("{9A19103F-16F7-4668-BE54-9A1E7A4F7556}") = "homeMaintenance.Domain", "homeMaintenance.Domain\homeMaintenance.Domain.csproj", "{172D73E4-39E0-486F-9240-370574BA5209}"
EndProject
Project("{9A19103F-16F7-4668-BE54-9A1E7A4F7556}") = "homeMaintenance.Application", "homeMaintenance.Application\homeMaintenance.Application.csproj", "{7348036B-0E10-4596-8D32-21604CF887E6}"
EndProject
Global
	GlobalSection(SolutionConfigurationPlatforms) = preSolution
		Debug|Any CPU = Debug|Any CPU
		Release|Any CPU = Release|Any CPU
	EndGlobalSection
	GlobalSection(ProjectConfigurationPlatforms) = postSolution
		{62618B8F-1193-47C1-9CA2-7AEFA52F5144}.Debug|Any CPU.ActiveCfg = Debug|Any CPU
		{62618B8F-1193-47C1-9CA2-7AEFA52F5144}.Debug|Any CPU.Build.0 = Debug|Any CPU
		{62618B8F-1193-47C1-9CA2-7AEFA52F5144}.Release|Any CPU.ActiveCfg = Release|Any CPU
		{62618B8F-1193-47C1-9CA2-7AEFA52F5144}.Release|Any CPU.Build.0 = Release|Any CPU
		{A330C37D-EBA2-4EFA-B72F-1D48A2F62C4E}.Debug|Any CPU.ActiveCfg = Debug|Any CPU
		{A330C37D-EBA2-4EFA-B72F-1D48A2F62C4E}.Debug|Any CPU.Build.0 = Debug|Any CPU
		{A330C37D-EBA2-4EFA-B72F-1D48A2F62C4E}.Release|Any CPU.ActiveCfg = Release|Any CPU
		{A330C37D-EBA2-4EFA-B72F-1D48A2F62C4E}.Release|Any CPU.Build.0 = Release|Any CPU
		{172D73E4-39E0-486F-9240-370574BA5209}.Debug|Any CPU.ActiveCfg = Debug|Any CPU
		{172D73E4-39E0-486F-9240-370574BA5209}.Debug|Any CPU.Build.0 = Debug|Any CPU
		{172D73E4-39E0-486F-9240-370574BA5209}.Release|Any CPU.ActiveCfg = Release|Any CPU
		{172D73E4-39E0-486F-9240-370574BA5209}.Release|Any CPU.Build.0 = Release|Any CPU
		{7348036B-0E10-4596-8D32-21604CF887E6}.Debug|Any CPU.ActiveCfg = Debug|Any CPU
		{7348036B-0E10-4596-8D32-21604CF887E6}.Debug|Any CPU.Build.0 = Debug|Any CPU
		{7348036B-0E10-4596-8D32-21604CF887E6}.Release|Any CPU.ActiveCfg = Release|Any CPU
		{7348036B-0E10-4596-8D32-21604CF887E6}.Release|Any CPU.Build.0 = Release|Any CPU
	EndGlobalSection
	GlobalSection(SolutionProperties) = preSolution
		HideSolutionNode = FALSE
	EndGlobalSection
	GlobalSection(ExtensibilityGlobals) = postSolution
		SolutionGuid = {DB7353F4-83C1-432B-B84A-4512F5E23C53}
	EndGlobalSection
EndGlobal
